
Microsoft Visual Studio Solution File, Format Version 12.00
Project("{FAE04EC0-301F-11D3-BF4B-00C04F79EFBC}") = "Api", "Api\Api.csproj", "{D3A7150F-C120-42B1-986B-9BF8DCF4CB42}"
EndProject
Project("{FAE04EC0-301F-11D3-BF4B-00C04F79EFBC}") = "Domain", "Domain\Domain.csproj", "{31E1942A-107D-45C9-8B54-3C10ADBCF197}"
EndProject
Project("{FAE04EC0-301F-11D3-BF4B-00C04F79EFBC}") = "Application", "Application\Application.csproj", "{7AA6C410-A3D6-4308-9698-7EE4CAF39A3C}"
EndProject
Project("{FAE04EC0-301F-11D3-BF4B-00C04F79EFBC}") = "Infrastructure", "Infrastructure\Infrastructure.csproj", "{EAC2BB50-DED3-4225-98D4-E879F1C74727}"
EndProject
Global
	GlobalSection(SolutionConfigurationPlatforms) = preSolution
		Debug|Any CPU = Debug|Any CPU
		Release|Any CPU = Release|Any CPU
	EndGlobalSection
	GlobalSection(ProjectConfigurationPlatforms) = postSolution
		{D3A7150F-C120-42B1-986B-9BF8DCF4CB42}.Debug|Any CPU.ActiveCfg = Debug|Any CPU
		{D3A7150F-C120-42B1-986B-9BF8DCF4CB42}.Debug|Any CPU.Build.0 = Debug|Any CPU
		{D3A7150F-C120-42B1-986B-9BF8DCF4CB42}.Release|Any CPU.ActiveCfg = Release|Any CPU
		{D3A7150F-C120-42B1-986B-9BF8DCF4CB42}.Release|Any CPU.Build.0 = Release|Any CPU
		{31E1942A-107D-45C9-8B54-3C10ADBCF197}.Debug|Any CPU.ActiveCfg = Debug|Any CPU
		{31E1942A-107D-45C9-8B54-3C10ADBCF197}.Debug|Any CPU.Build.0 = Debug|Any CPU
		{31E1942A-107D-45C9-8B54-3C10ADBCF197}.Release|Any CPU.ActiveCfg = Release|Any CPU
		{31E1942A-107D-45C9-8B54-3C10ADBCF197}.Release|Any CPU.Build.0 = Release|Any CPU
		{7AA6C410-A3D6-4308-9698-7EE4CAF39A3C}.Debug|Any CPU.ActiveCfg = Debug|Any CPU
		{7AA6C410-A3D6-4308-9698-7EE4CAF39A3C}.Debug|Any CPU.Build.0 = Debug|Any CPU
		{7AA6C410-A3D6-4308-9698-7EE4CAF39A3C}.Release|Any CPU.ActiveCfg = Release|Any CPU
		{7AA6C410-A3D6-4308-9698-7EE4CAF39A3C}.Release|Any CPU.Build.0 = Release|Any CPU
		{EAC2BB50-DED3-4225-98D4-E879F1C74727}.Debug|Any CPU.ActiveCfg = Debug|Any CPU
		{EAC2BB50-DED3-4225-98D4-E879F1C74727}.Debug|Any CPU.Build.0 = Debug|Any CPU
		{EAC2BB50-DED3-4225-98D4-E879F1C74727}.Release|Any CPU.ActiveCfg = Release|Any CPU
		{EAC2BB50-DED3-4225-98D4-E879F1C74727}.Release|Any CPU.Build.0 = Release|Any CPU
	EndGlobalSection
EndGlobal
